// !$*UTF8*$!
{
	archiveVersion = 1;
	classes = {
	};
	objectVersion = 56;
	objects = {

/* Begin PBXBuildFile section */
		FDA95DCE29890D3F00D767F6 /* ImageSaveCoreDataApp.swift in Sources */ = {isa = PBXBuildFile; fileRef = FDA95DCD29890D3F00D767F6 /* ImageSaveCoreDataApp.swift */; };
		FDA95DD029890D3F00D767F6 /* MyImagesGridView.swift in Sources */ = {isa = PBXBuildFile; fileRef = FDA95DCF29890D3F00D767F6 /* MyImagesGridView.swift */; };
		FDA95DD229890D4200D767F6 /* Assets.xcassets in Resources */ = {isa = PBXBuildFile; fileRef = FDA95DD129890D4200D767F6 /* Assets.xcassets */; };
		FDA95DD529890D4200D767F6 /* Preview Assets.xcassets in Resources */ = {isa = PBXBuildFile; fileRef = FDA95DD429890D4200D767F6 /* Preview Assets.xcassets */; };
		FDA95DDF29890F6D00D767F6 /* Launch Screen.storyboard in Resources */ = {isa = PBXBuildFile; fileRef = FDA95DDE29890F6D00D767F6 /* Launch Screen.storyboard */; };
		FDA95DE32989112A00D767F6 /* MyImagesDataModel.xcdatamodeld in Sources */ = {isa = PBXBuildFile; fileRef = FDA95DE12989112A00D767F6 /* MyImagesDataModel.xcdatamodeld */; };
		FDA95DE52989121500D767F6 /* Persistence.swift in Sources */ = {isa = PBXBuildFile; fileRef = FDA95DE42989121500D767F6 /* Persistence.swift */; };
		FDA95DE82989141200D767F6 /* ContainerViewModel.swift in Sources */ = {isa = PBXBuildFile; fileRef = FDA95DE72989141200D767F6 /* ContainerViewModel.swift */; };
		FDA95DEA2989151A00D767F6 /* MyImage+Extensions.swift in Sources */ = {isa = PBXBuildFile; fileRef = FDA95DE92989151A00D767F6 /* MyImage+Extensions.swift */; };
		FDA95DEF29892D8B00D767F6 /* Crop.swift in Sources */ = {isa = PBXBuildFile; fileRef = FDA95DEE29892D8A00D767F6 /* Crop.swift */; };
		FDA95DF129892DE200D767F6 /* CustomImagePicker.swift in Sources */ = {isa = PBXBuildFile; fileRef = FDA95DF029892DE200D767F6 /* CustomImagePicker.swift */; };
		FDA95DF52989508B00D767F6 /* ImageFormView.swift in Sources */ = {isa = PBXBuildFile; fileRef = FDA95DF42989508B00D767F6 /* ImageFormView.swift */; };
		FDA95DF82989509E00D767F6 /* FormViewModel.swift in Sources */ = {isa = PBXBuildFile; fileRef = FDA95DF72989509E00D767F6 /* FormViewModel.swift */; };
		FDA95DFB298950C100D767F6 /* FormType.swift in Sources */ = {isa = PBXBuildFile; fileRef = FDA95DFA298950C100D767F6 /* FormType.swift */; };
		FDCC396429A9FD3D003BA80B /* FileManager+Extensions.swift in Sources */ = {isa = PBXBuildFile; fileRef = FDCC396329A9FD3D003BA80B /* FileManager+Extensions.swift */; };
/* End PBXBuildFile section */

/* Begin PBXFileReference section */
		FDA95DCA29890D3F00D767F6 /* ImageSaveCoreData.app */ = {isa = PBXFileReference; explicitFileType = wrapper.application; includeInIndex = 0; path = ImageSaveCoreData.app; sourceTree = BUILT_PRODUCTS_DIR; };
		FDA95DCD29890D3F00D767F6 /* ImageSaveCoreDataApp.swift */ = {isa = PBXFileReference; lastKnownFileType = sourcecode.swift; path = ImageSaveCoreDataApp.swift; sourceTree = "<group>"; };
		FDA95DCF29890D3F00D767F6 /* MyImagesGridView.swift */ = {isa = PBXFileReference; lastKnownFileType = sourcecode.swift; path = MyImagesGridView.swift; sourceTree = "<group>"; };
		FDA95DD129890D4200D767F6 /* Assets.xcassets */ = {isa = PBXFileReference; lastKnownFileType = folder.assetcatalog; path = Assets.xcassets; sourceTree = "<group>"; };
		FDA95DD429890D4200D767F6 /* Preview Assets.xcassets */ = {isa = PBXFileReference; lastKnownFileType = folder.assetcatalog; path = "Preview Assets.xcassets"; sourceTree = "<group>"; };
		FDA95DDE29890F6D00D767F6 /* Launch Screen.storyboard */ = {isa = PBXFileReference; fileEncoding = 4; lastKnownFileType = file.storyboard; path = "Launch Screen.storyboard"; sourceTree = "<group>"; };
		FDA95DE029890F8D00D767F6 /* Info.plist */ = {isa = PBXFileReference; lastKnownFileType = text.plist; path = Info.plist; sourceTree = "<group>"; };
		FDA95DE22989112A00D767F6 /* MyImagesDataModel.xcdatamodel */ = {isa = PBXFileReference; lastKnownFileType = wrapper.xcdatamodel; path = MyImagesDataModel.xcdatamodel; sourceTree = "<group>"; };
		FDA95DE42989121500D767F6 /* Persistence.swift */ = {isa = PBXFileReference; lastKnownFileType = sourcecode.swift; path = Persistence.swift; sourceTree = "<group>"; };
		FDA95DE72989141200D767F6 /* ContainerViewModel.swift */ = {isa = PBXFileReference; lastKnownFileType = sourcecode.swift; path = ContainerViewModel.swift; sourceTree = "<group>"; };
		FDA95DE92989151A00D767F6 /* MyImage+Extensions.swift */ = {isa = PBXFileReference; lastKnownFileType = sourcecode.swift; path = "MyImage+Extensions.swift"; sourceTree = "<group>"; };
		FDA95DEE29892D8A00D767F6 /* Crop.swift */ = {isa = PBXFileReference; lastKnownFileType = sourcecode.swift; path = Crop.swift; sourceTree = "<group>"; };
		FDA95DF029892DE200D767F6 /* CustomImagePicker.swift */ = {isa = PBXFileReference; lastKnownFileType = sourcecode.swift; path = CustomImagePicker.swift; sourceTree = "<group>"; };
		FDA95DF42989508B00D767F6 /* ImageFormView.swift */ = {isa = PBXFileReference; lastKnownFileType = sourcecode.swift; path = ImageFormView.swift; sourceTree = "<group>"; };
		FDA95DF72989509E00D767F6 /* FormViewModel.swift */ = {isa = PBXFileReference; lastKnownFileType = sourcecode.swift; path = FormViewModel.swift; sourceTree = "<group>"; };
		FDA95DFA298950C100D767F6 /* FormType.swift */ = {isa = PBXFileReference; lastKnownFileType = sourcecode.swift; path = FormType.swift; sourceTree = "<group>"; };
		FDCC396329A9FD3D003BA80B /* FileManager+Extensions.swift */ = {isa = PBXFileReference; lastKnownFileType = sourcecode.swift; path = "FileManager+Extensions.swift"; sourceTree = "<group>"; };
/* End PBXFileReference section */

/* Begin PBXFrameworksBuildPhase section */
		FDA95DC729890D3F00D767F6 /* Frameworks */ = {
			isa = PBXFrameworksBuildPhase;
			buildActionMask = 2147483647;
			files = (
			);
			runOnlyForDeploymentPostprocessing = 0;
		};
/* End PBXFrameworksBuildPhase section */

/* Begin PBXGroup section */
		FDA95DC129890D3F00D767F6 = {
			isa = PBXGroup;
			children = (
				FDA95DCC29890D3F00D767F6 /* ImageSaveCoreData */,
				FDA95DCB29890D3F00D767F6 /* Products */,
			);
			sourceTree = "<group>";
		};
		FDA95DCB29890D3F00D767F6 /* Products */ = {
			isa = PBXGroup;
			children = (
				FDA95DCA29890D3F00D767F6 /* ImageSaveCoreData.app */,
			);
			name = Products;
			sourceTree = "<group>";
		};
		FDA95DCC29890D3F00D767F6 /* ImageSaveCoreData */ = {
			isa = PBXGroup;
			children = (
				FDA95DE029890F8D00D767F6 /* Info.plist */,
				FDA95DCD29890D3F00D767F6 /* ImageSaveCoreDataApp.swift */,
				FDA95DCF29890D3F00D767F6 /* MyImagesGridView.swift */,
				FDCC396229A9FD12003BA80B /* Extensions */,
				FDA95DF9298950AB00D767F6 /* Model */,
				FDA95DE6298913DC00D767F6 /* ViewModel */,
				FDA95DDD29890E8300D767F6 /* Helper */,
				FDA95DDC29890E6F00D767F6 /* View */,
				FDA95DDB29890E6800D767F6 /* CoreData */,
				FDA95DD129890D4200D767F6 /* Assets.xcassets */,
				FDA95DDE29890F6D00D767F6 /* Launch Screen.storyboard */,
				FDA95DD329890D4200D767F6 /* Preview Content */,
			);
			path = ImageSaveCoreData;
			sourceTree = "<group>";
		};
		FDA95DD329890D4200D767F6 /* Preview Content */ = {
			isa = PBXGroup;
			children = (
				FDA95DD429890D4200D767F6 /* Preview Assets.xcassets */,
			);
			path = "Preview Content";
			sourceTree = "<group>";
		};
		FDA95DDB29890E6800D767F6 /* CoreData */ = {
			isa = PBXGroup;
			children = (
				FDA95DE12989112A00D767F6 /* MyImagesDataModel.xcdatamodeld */,
				FDA95DE92989151A00D767F6 /* MyImage+Extensions.swift */,
				FDA95DE42989121500D767F6 /* Persistence.swift */,
			);
			path = CoreData;
			sourceTree = "<group>";
		};
		FDA95DDC29890E6F00D767F6 /* View */ = {
			isa = PBXGroup;
			children = (
				FDA95DF22989502700D767F6 /* Form */,
			);
			path = View;
			sourceTree = "<group>";
		};
		FDA95DDD29890E8300D767F6 /* Helper */ = {
			isa = PBXGroup;
			children = (
				FDA95DEB29892D6C00D767F6 /* ImageCroppingTool */,
			);
			path = Helper;
			sourceTree = "<group>";
		};
		FDA95DE6298913DC00D767F6 /* ViewModel */ = {
			isa = PBXGroup;
			children = (
				FDA95DF72989509E00D767F6 /* FormViewModel.swift */,
				FDA95DE72989141200D767F6 /* ContainerViewModel.swift */,
			);
			path = ViewModel;
			sourceTree = "<group>";
		};
		FDA95DEB29892D6C00D767F6 /* ImageCroppingTool */ = {
			isa = PBXGroup;
			children = (
				FDA95DED29892D7900D767F6 /* View */,
				FDA95DEC29892D7600D767F6 /* Model */,
			);
			path = ImageCroppingTool;
			sourceTree = "<group>";
		};
		FDA95DEC29892D7600D767F6 /* Model */ = {
			isa = PBXGroup;
			children = (
				FDA95DEE29892D8A00D767F6 /* Crop.swift */,
			);
			path = Model;
			sourceTree = "<group>";
		};
		FDA95DED29892D7900D767F6 /* View */ = {
			isa = PBXGroup;
			children = (
				FDA95DF029892DE200D767F6 /* CustomImagePicker.swift */,
			);
			path = View;
			sourceTree = "<group>";
		};
		FDA95DF22989502700D767F6 /* Form */ = {
			isa = PBXGroup;
			children = (
				FDA95DF42989508B00D767F6 /* ImageFormView.swift */,
			);
			path = Form;
			sourceTree = "<group>";
		};
		FDA95DF9298950AB00D767F6 /* Model */ = {
			isa = PBXGroup;
			children = (
				FDA95DFA298950C100D767F6 /* FormType.swift */,
			);
			path = Model;
			sourceTree = "<group>";
		};
		FDCC396229A9FD12003BA80B /* Extensions */ = {
			isa = PBXGroup;
			children = (
				FDCC396329A9FD3D003BA80B /* FileManager+Extensions.swift */,
			);
			path = Extensions;
			sourceTree = "<group>";
		};
/* End PBXGroup section */

/* Begin PBXNativeTarget section */
		FDA95DC929890D3F00D767F6 /* ImageSaveCoreData */ = {
			isa = PBXNativeTarget;
			buildConfigurationList = FDA95DD829890D4200D767F6 /* Build configuration list for PBXNativeTarget "ImageSaveCoreData" */;
			buildPhases = (
				FDA95DC629890D3F00D767F6 /* Sources */,
				FDA95DC729890D3F00D767F6 /* Frameworks */,
				FDA95DC829890D3F00D767F6 /* Resources */,
			);
			buildRules = (
			);
			dependencies = (
			);
			name = ImageSaveCoreData;
			productName = ImageSaveCoreData;
			productReference = FDA95DCA29890D3F00D767F6 /* ImageSaveCoreData.app */;
			productType = "com.apple.product-type.application";
		};
/* End PBXNativeTarget section */

/* Begin PBXProject section */
		FDA95DC229890D3F00D767F6 /* Project object */ = {
			isa = PBXProject;
			attributes = {
				BuildIndependentTargetsInParallel = 1;
				LastSwiftUpdateCheck = 1420;
				LastUpgradeCheck = 1420;
				TargetAttributes = {
					FDA95DC929890D3F00D767F6 = {
						CreatedOnToolsVersion = 14.2;
					};
				};
			};
			buildConfigurationList = FDA95DC529890D3F00D767F6 /* Build configuration list for PBXProject "ImageSaveCoreData" */;
			compatibilityVersion = "Xcode 14.0";
			developmentRegion = en;
			hasScannedForEncodings = 0;
			knownRegions = (
				en,
				Base,
			);
			mainGroup = FDA95DC129890D3F00D767F6;
			productRefGroup = FDA95DCB29890D3F00D767F6 /* Products */;
			projectDirPath = "";
			projectRoot = "";
			targets = (
				FDA95DC929890D3F00D767F6 /* ImageSaveCoreData */,
			);
		};
/* End PBXProject section */

/* Begin PBXResourcesBuildPhase section */
		FDA95DC829890D3F00D767F6 /* Resources */ = {
			isa = PBXResourcesBuildPhase;
			buildActionMask = 2147483647;
			files = (
				FDA95DDF29890F6D00D767F6 /* Launch Screen.storyboard in Resources */,
				FDA95DD529890D4200D767F6 /* Preview Assets.xcassets in Resources */,
				FDA95DD229890D4200D767F6 /* Assets.xcassets in Resources */,
			);
			runOnlyForDeploymentPostprocessing = 0;
		};
/* End PBXResourcesBuildPhase section */

/* Begin PBXSourcesBuildPhase section */
		FDA95DC629890D3F00D767F6 /* Sources */ = {
			isa = PBXSourcesBuildPhase;
			buildActionMask = 2147483647;
			files = (
				FDA95DFB298950C100D767F6 /* FormType.swift in Sources */,
				FDA95DF82989509E00D767F6 /* FormViewModel.swift in Sources */,
				FDA95DF52989508B00D767F6 /* ImageFormView.swift in Sources */,
				FDA95DEF29892D8B00D767F6 /* Crop.swift in Sources */,
				FDA95DD029890D3F00D767F6 /* MyImagesGridView.swift in Sources */,
				FDCC396429A9FD3D003BA80B /* FileManager+Extensions.swift in Sources */,
				FDA95DEA2989151A00D767F6 /* MyImage+Extensions.swift in Sources */,
				FDA95DE52989121500D767F6 /* Persistence.swift in Sources */,
				FDA95DE32989112A00D767F6 /* MyImagesDataModel.xcdatamodeld in Sources */,
				FDA95DE82989141200D767F6 /* ContainerViewModel.swift in Sources */,
				FDA95DF129892DE200D767F6 /* CustomImagePicker.swift in Sources */,
				FDA95DCE29890D3F00D767F6 /* ImageSaveCoreDataApp.swift in Sources */,
			);
			runOnlyForDeploymentPostprocessing = 0;
		};
/* End PBXSourcesBuildPhase section */

/* Begin XCBuildConfiguration section */
		FDA95DD629890D4200D767F6 /* Debug */ = {
			isa = XCBuildConfiguration;
			buildSettings = {
				ALWAYS_SEARCH_USER_PATHS = NO;
				CLANG_ANALYZER_NONNULL = YES;
				CLANG_ANALYZER_NUMBER_OBJECT_CONVERSION = YES_AGGRESSIVE;
				CLANG_CXX_LANGUAGE_STANDARD = "gnu++20";
				CLANG_ENABLE_MODULES = YES;
				CLANG_ENABLE_OBJC_ARC = YES;
				CLANG_ENABLE_OBJC_WEAK = YES;
				CLANG_WARN_BLOCK_CAPTURE_AUTORELEASING = YES;
				CLANG_WARN_BOOL_CONVERSION = YES;
				CLANG_WARN_COMMA = YES;
				CLANG_WARN_CONSTANT_CONVERSION = YES;
				CLANG_WARN_DEPRECATED_OBJC_IMPLEMENTATIONS = YES;
				CLANG_WARN_DIRECT_OBJC_ISA_USAGE = YES_ERROR;
				CLANG_WARN_DOCUMENTATION_COMMENTS = YES;
				CLANG_WARN_EMPTY_BODY = YES;
				CLANG_WARN_ENUM_CONVERSION = YES;
				CLANG_WARN_INFINITE_RECURSION = YES;
				CLANG_WARN_INT_CONVERSION = YES;
				CLANG_WARN_NON_LITERAL_NULL_CONVERSION = YES;
				CLANG_WARN_OBJC_IMPLICIT_RETAIN_SELF = YES;
				CLANG_WARN_OBJC_LITERAL_CONVERSION = YES;
				CLANG_WARN_OBJC_ROOT_CLASS = YES_ERROR;
				CLANG_WARN_QUOTED_INCLUDE_IN_FRAMEWORK_HEADER = YES;
				CLANG_WARN_RANGE_LOOP_ANALYSIS = YES;
				CLANG_WARN_STRICT_PROTOTYPES = YES;
				CLANG_WARN_SUSPICIOUS_MOVE = YES;
				CLANG_WARN_UNGUARDED_AVAILABILITY = YES_AGGRESSIVE;
				CLANG_WARN_UNREACHABLE_CODE = YES;
				CLANG_WARN__DUPLICATE_METHOD_MATCH = YES;
				COPY_PHASE_STRIP = NO;
				DEBUG_INFORMATION_FORMAT = dwarf;
				ENABLE_STRICT_OBJC_MSGSEND = YES;
				ENABLE_TESTABILITY = YES;
				GCC_C_LANGUAGE_STANDARD = gnu11;
				GCC_DYNAMIC_NO_PIC = NO;
				GCC_NO_COMMON_BLOCKS = YES;
				GCC_OPTIMIZATION_LEVEL = 0;
				GCC_PREPROCESSOR_DEFINITIONS = (
					"DEBUG=1",
					"$(inherited)",
				);
				GCC_WARN_64_TO_32_BIT_CONVERSION = YES;
				GCC_WARN_ABOUT_RETURN_TYPE = YES_ERROR;
				GCC_WARN_UNDECLARED_SELECTOR = YES;
				GCC_WARN_UNINITIALIZED_AUTOS = YES_AGGRESSIVE;
				GCC_WARN_UNUSED_FUNCTION = YES;
				GCC_WARN_UNUSED_VARIABLE = YES;
				IPHONEOS_DEPLOYMENT_TARGET = 16.2;
				MTL_ENABLE_DEBUG_INFO = INCLUDE_SOURCE;
				MTL_FAST_MATH = YES;
				ONLY_ACTIVE_ARCH = YES;
				SDKROOT = iphoneos;
				SWIFT_ACTIVE_COMPILATION_CONDITIONS = DEBUG;
				SWIFT_OPTIMIZATION_LEVEL = "-Onone";
			};
			name = Debug;
		};
		FDA95DD729890D4200D767F6 /* Release */ = {
			isa = XCBuildConfiguration;
			buildSettings = {
				ALWAYS_SEARCH_USER_PATHS = NO;
				CLANG_ANALYZER_NONNULL = YES;
				CLANG_ANALYZER_NUMBER_OBJECT_CONVERSION = YES_AGGRESSIVE;
				CLANG_CXX_LANGUAGE_STANDARD = "gnu++20";
				CLANG_ENABLE_MODULES = YES;
				CLANG_ENABLE_OBJC_ARC = YES;
				CLANG_ENABLE_OBJC_WEAK = YES;
				CLANG_WARN_BLOCK_CAPTURE_AUTORELEASING = YES;
				CLANG_WARN_BOOL_CONVERSION = YES;
				CLANG_WARN_COMMA = YES;
				CLANG_WARN_CONSTANT_CONVERSION = YES;
				CLANG_WARN_DEPRECATED_OBJC_IMPLEMENTATIONS = YES;
				CLANG_WARN_DIRECT_OBJC_ISA_USAGE = YES_ERROR;
				CLANG_WARN_DOCUMENTATION_COMMENTS = YES;
				CLANG_WARN_EMPTY_BODY = YES;
				CLANG_WARN_ENUM_CONVERSION = YES;
				CLANG_WARN_INFINITE_RECURSION = YES;
				CLANG_WARN_INT_CONVERSION = YES;
				CLANG_WARN_NON_LITERAL_NULL_CONVERSION = YES;
				CLANG_WARN_OBJC_IMPLICIT_RETAIN_SELF = YES;
				CLANG_WARN_OBJC_LITERAL_CONVERSION = YES;
				CLANG_WARN_OBJC_ROOT_CLASS = YES_ERROR;
				CLANG_WARN_QUOTED_INCLUDE_IN_FRAMEWORK_HEADER = YES;
				CLANG_WARN_RANGE_LOOP_ANALYSIS = YES;
				CLANG_WARN_STRICT_PROTOTYPES = YES;
				CLANG_WARN_SUSPICIOUS_MOVE = YES;
				CLANG_WARN_UNGUARDED_AVAILABILITY = YES_AGGRESSIVE;
				CLANG_WARN_UNREACHABLE_CODE = YES;
				CLANG_WARN__DUPLICATE_METHOD_MATCH = YES;
				COPY_PHASE_STRIP = NO;
				DEBUG_INFORMATION_FORMAT = "dwarf-with-dsym";
				ENABLE_NS_ASSERTIONS = NO;
				ENABLE_STRICT_OBJC_MSGSEND = YES;
				GCC_C_LANGUAGE_STANDARD = gnu11;
				GCC_NO_COMMON_BLOCKS = YES;
				GCC_WARN_64_TO_32_BIT_CONVERSION = YES;
				GCC_WARN_ABOUT_RETURN_TYPE = YES_ERROR;
				GCC_WARN_UNDECLARED_SELECTOR = YES;
				GCC_WARN_UNINITIALIZED_AUTOS = YES_AGGRESSIVE;
				GCC_WARN_UNUSED_FUNCTION = YES;
				GCC_WARN_UNUSED_VARIABLE = YES;
				IPHONEOS_DEPLOYMENT_TARGET = 16.2;
				MTL_ENABLE_DEBUG_INFO = NO;
				MTL_FAST_MATH = YES;
				SDKROOT = iphoneos;
				SWIFT_COMPILATION_MODE = wholemodule;
				SWIFT_OPTIMIZATION_LEVEL = "-O";
				VALIDATE_PRODUCT = YES;
			};
			name = Release;
		};
		FDA95DD929890D4200D767F6 /* Debug */ = {
			isa = XCBuildConfiguration;
			buildSettings = {
				ASSETCATALOG_COMPILER_APPICON_NAME = AppIcon;
				ASSETCATALOG_COMPILER_GLOBAL_ACCENT_COLOR_NAME = AccentColor;
				CODE_SIGN_STYLE = Automatic;
				CURRENT_PROJECT_VERSION = 1;
				DEVELOPMENT_ASSET_PATHS = "\"ImageSaveCoreData/Preview Content\"";
				DEVELOPMENT_TEAM = XP6V4T4UU6;
				ENABLE_PREVIEWS = YES;
				GENERATE_INFOPLIST_FILE = YES;
				INFOPLIST_FILE = ImageSaveCoreData/Info.plist;
				INFOPLIST_KEY_UIApplicationSceneManifest_Generation = YES;
				INFOPLIST_KEY_UIApplicationSupportsIndirectInputEvents = YES;
				INFOPLIST_KEY_UILaunchScreen_Generation = YES;
				INFOPLIST_KEY_UILaunchStoryboardName = "Launch Screen.storyboard";
				INFOPLIST_KEY_UISupportedInterfaceOrientations_iPad = "UIInterfaceOrientationPortrait UIInterfaceOrientationPortraitUpsideDown UIInterfaceOrientationLandscapeLeft UIInterfaceOrientationLandscapeRight";
				INFOPLIST_KEY_UISupportedInterfaceOrientations_iPhone = "UIInterfaceOrientationPortrait UIInterfaceOrientationLandscapeLeft UIInterfaceOrientationLandscapeRight";
				LD_RUNPATH_SEARCH_PATHS = (
					"$(inherited)",
					"@executable_path/Frameworks",
				);
				MARKETING_VERSION = 1.0;
				PRODUCT_BUNDLE_IDENTIFIER = com.blacenova.ImageSaveCoreData;
				PRODUCT_NAME = "$(TARGET_NAME)";
				SWIFT_EMIT_LOC_STRINGS = YES;
				SWIFT_VERSION = 5.0;
				TARGETED_DEVICE_FAMILY = "1,2";
			};
			name = Debug;
		};
		FDA95DDA29890D4200D767F6 /* Release */ = {
			isa = XCBuildConfiguration;
			buildSettings = {
				ASSETCATALOG_COMPILER_APPICON_NAME = AppIcon;
				ASSETCATALOG_COMPILER_GLOBAL_ACCENT_COLOR_NAME = AccentColor;
				CODE_SIGN_STYLE = Automatic;
				CURRENT_PROJECT_VERSION = 1;
				DEVELOPMENT_ASSET_PATHS = "\"ImageSaveCoreData/Preview Content\"";
				DEVELOPMENT_TEAM = XP6V4T4UU6;
				ENABLE_PREVIEWS = YES;
				GENERATE_INFOPLIST_FILE = YES;
				INFOPLIST_FILE = ImageSaveCoreData/Info.plist;
				INFOPLIST_KEY_UIApplicationSceneManifest_Generation = YES;
				INFOPLIST_KEY_UIApplicationSupportsIndirectInputEvents = YES;
				INFOPLIST_KEY_UILaunchScreen_Generation = YES;
				INFOPLIST_KEY_UILaunchStoryboardName = "Launch Screen.storyboard";
				INFOPLIST_KEY_UISupportedInterfaceOrientations_iPad = "UIInterfaceOrientationPortrait UIInterfaceOrientationPortraitUpsideDown UIInterfaceOrientationLandscapeLeft UIInterfaceOrientationLandscapeRight";
				INFOPLIST_KEY_UISupportedInterfaceOrientations_iPhone = "UIInterfaceOrientationPortrait UIInterfaceOrientationLandscapeLeft UIInterfaceOrientationLandscapeRight";
				LD_RUNPATH_SEARCH_PATHS = (
					"$(inherited)",
					"@executable_path/Frameworks",
				);
				MARKETING_VERSION = 1.0;
				PRODUCT_BUNDLE_IDENTIFIER = com.blacenova.ImageSaveCoreData;
				PRODUCT_NAME = "$(TARGET_NAME)";
				SWIFT_EMIT_LOC_STRINGS = YES;
				SWIFT_VERSION = 5.0;
				TARGETED_DEVICE_FAMILY = "1,2";
			};
			name = Release;
		};
/* End XCBuildConfiguration section */

/* Begin XCConfigurationList section */
		FDA95DC529890D3F00D767F6 /* Build configuration list for PBXProject "ImageSaveCoreData" */ = {
			isa = XCConfigurationList;
			buildConfigurations = (
				FDA95DD629890D4200D767F6 /* Debug */,
				FDA95DD729890D4200D767F6 /* Release */,
			);
			defaultConfigurationIsVisible = 0;
			defaultConfigurationName = Release;
		};
		FDA95DD829890D4200D767F6 /* Build configuration list for PBXNativeTarget "ImageSaveCoreData" */ = {
			isa = XCConfigurationList;
			buildConfigurations = (
				FDA95DD929890D4200D767F6 /* Debug */,
				FDA95DDA29890D4200D767F6 /* Release */,
			);
			defaultConfigurationIsVisible = 0;
			defaultConfigurationName = Release;
		};
/* End XCConfigurationList section */

/* Begin XCVersionGroup section */
		FDA95DE12989112A00D767F6 /* MyImagesDataModel.xcdatamodeld */ = {
			isa = XCVersionGroup;
			children = (
				FDA95DE22989112A00D767F6 /* MyImagesDataModel.xcdatamodel */,
			);
			currentVersion = FDA95DE22989112A00D767F6 /* MyImagesDataModel.xcdatamodel */;
			path = MyImagesDataModel.xcdatamodeld;
			sourceTree = "<group>";
			versionGroupType = wrapper.xcdatamodel;
		};
/* End XCVersionGroup section */
	};
	rootObject = FDA95DC229890D3F00D767F6 /* Project object */;
}
